
Microsoft Visual Studio Solution File, Format Version 12.00
# Visual Studio 2015
Project("{FAE04EC0-301F-11D3-BF4B-00C04F79EFBC}") = "Space Shoter.CSharp", "Space Shoter.CSharp.csproj", "{ABC0F820-9D25-5B80-0AE9-B4324FC97AD2}"
EndProject
Global
	GlobalSection(SolutionConfigurationPlatforms) = preSolution
		Debug|Any CPU = Debug|Any CPU
		Release|Any CPU = Release|Any CPU
	EndGlobalSection
	GlobalSection(ProjectConfigurationPlatforms) = postSolution
		{ABC0F820-9D25-5B80-0AE9-B4324FC97AD2}.Debug|Any CPU.ActiveCfg = Debug|Any CPU
		{ABC0F820-9D25-5B80-0AE9-B4324FC97AD2}.Debug|Any CPU.Build.0 = Debug|Any CPU
		{ABC0F820-9D25-5B80-0AE9-B4324FC97AD2}.Release|Any CPU.ActiveCfg = Release|Any CPU
		{ABC0F820-9D25-5B80-0AE9-B4324FC97AD2}.Release|Any CPU.Build.0 = Release|Any CPU
	EndGlobalSection
	GlobalSection(SolutionProperties) = preSolution
		HideSolutionNode = FALSE
	EndGlobalSection
EndGlobal
